
Microsoft Visual Studio Solution File, Format Version 12.00
# Visual Studio Version 17
VisualStudioVersion = 17.7.34018.315
MinimumVisualStudioVersion = 10.0.40219.1
Project("{FAE04EC0-301F-11D3-BF4B-00C04F79EFBC}") = "Cosmetics-store", "Cosmetics-store\Cosmetics-store.csproj", "{45D7EBFE-985E-4244-A36F-2790E5D6CFCF}"
EndProject
Project("{FAE04EC0-301F-11D3-BF4B-00C04F79EFBC}") = "Cosmetics-store.Domain", "Cosmetics-store.Domain\Cosmetics-store.Domain.csproj", "{8BC89B37-DFB1-451A-8CB7-CC67D65E2F26}"
EndProject
Project("{FAE04EC0-301F-11D3-BF4B-00C04F79EFBC}") = "Cosmetics-store.Infrastracture", "Cosmetics-store.Infrastracture\Cosmetics-store.Infrastracture.csproj", "{0FA055AC-4F95-49EE-B645-60ED5EB93FB1}"
EndProject
Project("{FAE04EC0-301F-11D3-BF4B-00C04F79EFBC}") = "Cosmetics-store.ApplicationService", "Cosmetics-store.ApplicationService\Cosmetics-store.ApplicationService.csproj", "{0CEAF596-4E84-4C02-853C-67B4A87578CB}"
EndProject
Project("{FAE04EC0-301F-11D3-BF4B-00C04F79EFBC}") = "Cosmetics-store.ApplicationService.Contract", "Cosmetics-store.ApplicationService.Contract\Cosmetics-store.ApplicationService.Contract.csproj", "{130EDA1A-E707-4F88-BF0F-4BADA6BFEA7F}"
EndProject
Project("{FAE04EC0-301F-11D3-BF4B-00C04F79EFBC}") = "Cosmetics-store.Security", "Cosmetics-store.Security\Cosmetics-store.Security.csproj", "{71D5E8CE-D5C0-47C9-A9EC-CF20637E8573}"
EndProject
Project("{FAE04EC0-301F-11D3-BF4B-00C04F79EFBC}") = "Cosmetics-store.UnitTest", "Cosmetics-store.UnitTest\Cosmetics-store.UnitTest.csproj", "{E11D7508-4E9B-4C37-BF00-6F8EEE5CBE21}"
EndProject
Global
	GlobalSection(SolutionConfigurationPlatforms) = preSolution
		Debug|Any CPU = Debug|Any CPU
		Release|Any CPU = Release|Any CPU
	EndGlobalSection
	GlobalSection(ProjectConfigurationPlatforms) = postSolution
		{45D7EBFE-985E-4244-A36F-2790E5D6CFCF}.Debug|Any CPU.ActiveCfg = Debug|Any CPU
		{45D7EBFE-985E-4244-A36F-2790E5D6CFCF}.Debug|Any CPU.Build.0 = Debug|Any CPU
		{45D7EBFE-985E-4244-A36F-2790E5D6CFCF}.Release|Any CPU.ActiveCfg = Release|Any CPU
		{45D7EBFE-985E-4244-A36F-2790E5D6CFCF}.Release|Any CPU.Build.0 = Release|Any CPU
		{8BC89B37-DFB1-451A-8CB7-CC67D65E2F26}.Debug|Any CPU.ActiveCfg = Debug|Any CPU
		{8BC89B37-DFB1-451A-8CB7-CC67D65E2F26}.Debug|Any CPU.Build.0 = Debug|Any CPU
		{8BC89B37-DFB1-451A-8CB7-CC67D65E2F26}.Release|Any CPU.ActiveCfg = Release|Any CPU
		{8BC89B37-DFB1-451A-8CB7-CC67D65E2F26}.Release|Any CPU.Build.0 = Release|Any CPU
		{0FA055AC-4F95-49EE-B645-60ED5EB93FB1}.Debug|Any CPU.ActiveCfg = Debug|Any CPU
		{0FA055AC-4F95-49EE-B645-60ED5EB93FB1}.Debug|Any CPU.Build.0 = Debug|Any CPU
		{0FA055AC-4F95-49EE-B645-60ED5EB93FB1}.Release|Any CPU.ActiveCfg = Release|Any CPU
		{0FA055AC-4F95-49EE-B645-60ED5EB93FB1}.Release|Any CPU.Build.0 = Release|Any CPU
		{0CEAF596-4E84-4C02-853C-67B4A87578CB}.Debug|Any CPU.ActiveCfg = Debug|Any CPU
		{0CEAF596-4E84-4C02-853C-67B4A87578CB}.Debug|Any CPU.Build.0 = Debug|Any CPU
		{0CEAF596-4E84-4C02-853C-67B4A87578CB}.Release|Any CPU.ActiveCfg = Release|Any CPU
		{0CEAF596-4E84-4C02-853C-67B4A87578CB}.Release|Any CPU.Build.0 = Release|Any CPU
		{130EDA1A-E707-4F88-BF0F-4BADA6BFEA7F}.Debug|Any CPU.ActiveCfg = Debug|Any CPU
		{130EDA1A-E707-4F88-BF0F-4BADA6BFEA7F}.Debug|Any CPU.Build.0 = Debug|Any CPU
		{130EDA1A-E707-4F88-BF0F-4BADA6BFEA7F}.Release|Any CPU.ActiveCfg = Release|Any CPU
		{130EDA1A-E707-4F88-BF0F-4BADA6BFEA7F}.Release|Any CPU.Build.0 = Release|Any CPU
		{71D5E8CE-D5C0-47C9-A9EC-CF20637E8573}.Debug|Any CPU.ActiveCfg = Debug|Any CPU
		{71D5E8CE-D5C0-47C9-A9EC-CF20637E8573}.Debug|Any CPU.Build.0 = Debug|Any CPU
		{71D5E8CE-D5C0-47C9-A9EC-CF20637E8573}.Release|Any CPU.ActiveCfg = Release|Any CPU
		{71D5E8CE-D5C0-47C9-A9EC-CF20637E8573}.Release|Any CPU.Build.0 = Release|Any CPU
		{E11D7508-4E9B-4C37-BF00-6F8EEE5CBE21}.Debug|Any CPU.ActiveCfg = Debug|Any CPU
		{E11D7508-4E9B-4C37-BF00-6F8EEE5CBE21}.Debug|Any CPU.Build.0 = Debug|Any CPU
		{E11D7508-4E9B-4C37-BF00-6F8EEE5CBE21}.Release|Any CPU.ActiveCfg = Release|Any CPU
		{E11D7508-4E9B-4C37-BF00-6F8EEE5CBE21}.Release|Any CPU.Build.0 = Release|Any CPU
	EndGlobalSection
	GlobalSection(SolutionProperties) = preSolution
		HideSolutionNode = FALSE
	EndGlobalSection
	GlobalSection(ExtensibilityGlobals) = postSolution
		SolutionGuid = {A4308465-EDCB-46A9-9A58-0128A677C029}
	EndGlobalSection
EndGlobal
